
Microsoft Visual Studio Solution File, Format Version 12.00
# Visual Studio 2013
VisualStudioVersion = 12.0.40629.0
MinimumVisualStudioVersion = 10.0.40219.1
Project("{FAE04EC0-301F-11D3-BF4B-00C04F79EFBC}") = "CreditCardInterestRate", "CreditCardInterestRate\CreditCardInterestRate.csproj", "{C7291B1B-E354-4537-9B29-C6829B1C7126}"
EndProject
Project("{FAE04EC0-301F-11D3-BF4B-00C04F79EFBC}") = "UnitTestCardInterest", "UnitTestCardInterest\UnitTestCardInterest.csproj", "{D98D20A1-4313-40B7-AD88-EBFAE1D0CF8B}"
EndProject
Global
	GlobalSection(SolutionConfigurationPlatforms) = preSolution
		Debug|Any CPU = Debug|Any CPU
		Release|Any CPU = Release|Any CPU
	EndGlobalSection
	GlobalSection(ProjectConfigurationPlatforms) = postSolution
		{C7291B1B-E354-4537-9B29-C6829B1C7126}.Debug|Any CPU.ActiveCfg = Debug|Any CPU
		{C7291B1B-E354-4537-9B29-C6829B1C7126}.Debug|Any CPU.Build.0 = Debug|Any CPU
		{C7291B1B-E354-4537-9B29-C6829B1C7126}.Release|Any CPU.ActiveCfg = Release|Any CPU
		{C7291B1B-E354-4537-9B29-C6829B1C7126}.Release|Any CPU.Build.0 = Release|Any CPU
		{D98D20A1-4313-40B7-AD88-EBFAE1D0CF8B}.Debug|Any CPU.ActiveCfg = Debug|Any CPU
		{D98D20A1-4313-40B7-AD88-EBFAE1D0CF8B}.Debug|Any CPU.Build.0 = Debug|Any CPU
		{D98D20A1-4313-40B7-AD88-EBFAE1D0CF8B}.Release|Any CPU.ActiveCfg = Release|Any CPU
		{D98D20A1-4313-40B7-AD88-EBFAE1D0CF8B}.Release|Any CPU.Build.0 = Release|Any CPU
	EndGlobalSection
	GlobalSection(SolutionProperties) = preSolution
		HideSolutionNode = FALSE
	EndGlobalSection
EndGlobal
